
Microsoft Visual Studio Solution File, Format Version 12.00
# Visual Studio Version 16
VisualStudioVersion = 16.0.28803.202
MinimumVisualStudioVersion = 10.0.40219.1
Project("{FAE04EC0-301F-11D3-BF4B-00C04F79EFBC}") = "StringProcessor", "StringProcessor\StringProcessor.csproj", "{6B2E5596-79FC-428A-9EC5-FD39062B8377}"
EndProject
Project("{FAE04EC0-301F-11D3-BF4B-00C04F79EFBC}") = "StringProcessorTests", "StringProcessorTests\StringProcessorTests.csproj", "{4FD5DED2-1E9A-47B3-A055-EED4C94F5A7B}"
EndProject
Global
	GlobalSection(SolutionConfigurationPlatforms) = preSolution
		Debug|Any CPU = Debug|Any CPU
		Release|Any CPU = Release|Any CPU
	EndGlobalSection
	GlobalSection(ProjectConfigurationPlatforms) = postSolution
		{6B2E5596-79FC-428A-9EC5-FD39062B8377}.Debug|Any CPU.ActiveCfg = Debug|Any CPU
		{6B2E5596-79FC-428A-9EC5-FD39062B8377}.Debug|Any CPU.Build.0 = Debug|Any CPU
		{6B2E5596-79FC-428A-9EC5-FD39062B8377}.Release|Any CPU.ActiveCfg = Release|Any CPU
		{6B2E5596-79FC-428A-9EC5-FD39062B8377}.Release|Any CPU.Build.0 = Release|Any CPU
		{4FD5DED2-1E9A-47B3-A055-EED4C94F5A7B}.Debug|Any CPU.ActiveCfg = Debug|Any CPU
		{4FD5DED2-1E9A-47B3-A055-EED4C94F5A7B}.Debug|Any CPU.Build.0 = Debug|Any CPU
		{4FD5DED2-1E9A-47B3-A055-EED4C94F5A7B}.Release|Any CPU.ActiveCfg = Release|Any CPU
		{4FD5DED2-1E9A-47B3-A055-EED4C94F5A7B}.Release|Any CPU.Build.0 = Release|Any CPU
	EndGlobalSection
	GlobalSection(SolutionProperties) = preSolution
		HideSolutionNode = FALSE
	EndGlobalSection
	GlobalSection(ExtensibilityGlobals) = postSolution
		SolutionGuid = {0DFF4128-7CC6-403B-B942-3CCEBE0DC402}
	EndGlobalSection
EndGlobal
